
Microsoft Visual Studio Solution File, Format Version 12.00
# Visual Studio Version 16
VisualStudioVersion = 16.0.31727.386
MinimumVisualStudioVersion = 10.0.40219.1
Project("{FAE04EC0-301F-11D3-BF4B-00C04F79EFBC}") = "Module4_4", "Module4_4\Module4_4.csproj", "{4AF7E83E-96D9-4F52-BAD0-72C20E915859}"
EndProject
Global
	GlobalSection(SolutionConfigurationPlatforms) = preSolution
		Debug|Any CPU = Debug|Any CPU
		Release|Any CPU = Release|Any CPU
	EndGlobalSection
	GlobalSection(ProjectConfigurationPlatforms) = postSolution
		{4AF7E83E-96D9-4F52-BAD0-72C20E915859}.Debug|Any CPU.ActiveCfg = Debug|Any CPU
		{4AF7E83E-96D9-4F52-BAD0-72C20E915859}.Debug|Any CPU.Build.0 = Debug|Any CPU
		{4AF7E83E-96D9-4F52-BAD0-72C20E915859}.Release|Any CPU.ActiveCfg = Release|Any CPU
		{4AF7E83E-96D9-4F52-BAD0-72C20E915859}.Release|Any CPU.Build.0 = Release|Any CPU
	EndGlobalSection
	GlobalSection(SolutionProperties) = preSolution
		HideSolutionNode = FALSE
	EndGlobalSection
	GlobalSection(ExtensibilityGlobals) = postSolution
		SolutionGuid = {9CF57B87-1038-49BA-A447-A2B65E357C62}
	EndGlobalSection
EndGlobal
